
Microsoft Visual Studio Solution File, Format Version 12.00
# Visual Studio Version 16
VisualStudioVersion = 16.0.35706.149
MinimumVisualStudioVersion = 10.0.40219.1
Project("{FAE04EC0-301F-11D3-BF4B-00C04F79EFBC}") = "Sistema de Facturación", "Sistema de Facturación\Sistema de Facturación.csproj", "{BBF63437-60D3-4A37-BA44-47F5CD41B741}"
EndProject
Global
	GlobalSection(SolutionConfigurationPlatforms) = preSolution
		Debug|Any CPU = Debug|Any CPU
		Release|Any CPU = Release|Any CPU
	EndGlobalSection
	GlobalSection(ProjectConfigurationPlatforms) = postSolution
		{BBF63437-60D3-4A37-BA44-47F5CD41B741}.Debug|Any CPU.ActiveCfg = Debug|Any CPU
		{BBF63437-60D3-4A37-BA44-47F5CD41B741}.Debug|Any CPU.Build.0 = Debug|Any CPU
		{BBF63437-60D3-4A37-BA44-47F5CD41B741}.Release|Any CPU.ActiveCfg = Release|Any CPU
		{BBF63437-60D3-4A37-BA44-47F5CD41B741}.Release|Any CPU.Build.0 = Release|Any CPU
	EndGlobalSection
	GlobalSection(SolutionProperties) = preSolution
		HideSolutionNode = FALSE
	EndGlobalSection
	GlobalSection(ExtensibilityGlobals) = postSolution
		SolutionGuid = {9D641511-3176-41DC-9C40-6B11A964B7D6}
	EndGlobalSection
EndGlobal
